
Microsoft Visual Studio Solution File, Format Version 12.00
# Visual Studio 2013
VisualStudioVersion = 12.0.40629.0
MinimumVisualStudioVersion = 10.0.40219.1
Project("{FAE04EC0-301F-11D3-BF4B-00C04F79EFBC}") = "JobsBoard.Server.DL", "JobsBoard.Server.DL\JobsBoard.Server.DL.csproj", "{3BD22F9D-783B-46C7-9C4D-590ECC6DEC2F}"
EndProject
Project("{FAE04EC0-301F-11D3-BF4B-00C04F79EFBC}") = "JobsBoard.Server.BL", "JobsBoard.Server.BL\JobsBoard.Server.BL.csproj", "{ADFF3122-58A1-464E-95F2-E161285D06AB}"
EndProject
Project("{FAE04EC0-301F-11D3-BF4B-00C04F79EFBC}") = "JobsBoard.Server.EL", "JobsBoard.Server.EL\JobsBoard.Server.EL.csproj", "{DFD142B6-FBE5-45A9-9CF4-B4D6F6EE2BB0}"
EndProject
Global
	GlobalSection(SolutionConfigurationPlatforms) = preSolution
		Debug|Any CPU = Debug|Any CPU
		Release|Any CPU = Release|Any CPU
	EndGlobalSection
	GlobalSection(ProjectConfigurationPlatforms) = postSolution
		{3BD22F9D-783B-46C7-9C4D-590ECC6DEC2F}.Debug|Any CPU.ActiveCfg = Debug|Any CPU
		{3BD22F9D-783B-46C7-9C4D-590ECC6DEC2F}.Debug|Any CPU.Build.0 = Debug|Any CPU
		{3BD22F9D-783B-46C7-9C4D-590ECC6DEC2F}.Release|Any CPU.ActiveCfg = Release|Any CPU
		{3BD22F9D-783B-46C7-9C4D-590ECC6DEC2F}.Release|Any CPU.Build.0 = Release|Any CPU
		{ADFF3122-58A1-464E-95F2-E161285D06AB}.Debug|Any CPU.ActiveCfg = Debug|Any CPU
		{ADFF3122-58A1-464E-95F2-E161285D06AB}.Debug|Any CPU.Build.0 = Debug|Any CPU
		{ADFF3122-58A1-464E-95F2-E161285D06AB}.Release|Any CPU.ActiveCfg = Release|Any CPU
		{ADFF3122-58A1-464E-95F2-E161285D06AB}.Release|Any CPU.Build.0 = Release|Any CPU
		{DFD142B6-FBE5-45A9-9CF4-B4D6F6EE2BB0}.Debug|Any CPU.ActiveCfg = Debug|Any CPU
		{DFD142B6-FBE5-45A9-9CF4-B4D6F6EE2BB0}.Debug|Any CPU.Build.0 = Debug|Any CPU
		{DFD142B6-FBE5-45A9-9CF4-B4D6F6EE2BB0}.Release|Any CPU.ActiveCfg = Release|Any CPU
		{DFD142B6-FBE5-45A9-9CF4-B4D6F6EE2BB0}.Release|Any CPU.Build.0 = Release|Any CPU
	EndGlobalSection
	GlobalSection(SolutionProperties) = preSolution
		HideSolutionNode = FALSE
	EndGlobalSection
EndGlobal
